
Microsoft Visual Studio Solution File, Format Version 12.00
# Visual Studio Version 17
VisualStudioVersion = 17.5.33530.505
MinimumVisualStudioVersion = 10.0.40219.1
Project("{FAE04EC0-301F-11D3-BF4B-00C04F79EFBC}") = "MChess", "MChess\MChess.csproj", "{D16D0248-A218-491C-AA7A-1386A1D06CCD}"
EndProject
Global
	GlobalSection(SolutionConfigurationPlatforms) = preSolution
		Debug|Any CPU = Debug|Any CPU
		Release|Any CPU = Release|Any CPU
	EndGlobalSection
	GlobalSection(ProjectConfigurationPlatforms) = postSolution
		{D16D0248-A218-491C-AA7A-1386A1D06CCD}.Debug|Any CPU.ActiveCfg = Debug|Any CPU
		{D16D0248-A218-491C-AA7A-1386A1D06CCD}.Debug|Any CPU.Build.0 = Debug|Any CPU
		{D16D0248-A218-491C-AA7A-1386A1D06CCD}.Release|Any CPU.ActiveCfg = Release|Any CPU
		{D16D0248-A218-491C-AA7A-1386A1D06CCD}.Release|Any CPU.Build.0 = Release|Any CPU
	EndGlobalSection
	GlobalSection(SolutionProperties) = preSolution
		HideSolutionNode = FALSE
	EndGlobalSection
	GlobalSection(ExtensibilityGlobals) = postSolution
		SolutionGuid = {975F44D9-DABC-4628-B995-2082CF2E2280}
	EndGlobalSection
EndGlobal
