
Microsoft Visual Studio Solution File, Format Version 12.00
# Visual Studio Version 17
VisualStudioVersion = 17.14.36310.24 d17.14
MinimumVisualStudioVersion = 10.0.40219.1
Project("{FAE04EC0-301F-11D3-BF4B-00C04F79EFBC}") = "ProgramClient", "ProgramClient.csproj", "{07BBC722-F182-46D8-AB30-DAB7F52298BD}"
EndProject
Global
	GlobalSection(SolutionConfigurationPlatforms) = preSolution
		Debug|Any CPU = Debug|Any CPU
		Release|Any CPU = Release|Any CPU
	EndGlobalSection
	GlobalSection(ProjectConfigurationPlatforms) = postSolution
		{07BBC722-F182-46D8-AB30-DAB7F52298BD}.Debug|Any CPU.ActiveCfg = Debug|Any CPU
		{07BBC722-F182-46D8-AB30-DAB7F52298BD}.Debug|Any CPU.Build.0 = Debug|Any CPU
		{07BBC722-F182-46D8-AB30-DAB7F52298BD}.Release|Any CPU.ActiveCfg = Release|Any CPU
		{07BBC722-F182-46D8-AB30-DAB7F52298BD}.Release|Any CPU.Build.0 = Release|Any CPU
	EndGlobalSection
	GlobalSection(SolutionProperties) = preSolution
		HideSolutionNode = FALSE
	EndGlobalSection
	GlobalSection(ExtensibilityGlobals) = postSolution
		SolutionGuid = {7C5EAA8E-50CC-4CE4-AFBD-B909C189F3AB}
	EndGlobalSection
EndGlobal
