
Microsoft Visual Studio Solution File, Format Version 12.00
# Visual Studio Version 17
VisualStudioVersion = 17.14.36310.24 d17.14
MinimumVisualStudioVersion = 10.0.40219.1
Project("{FAE04EC0-301F-11D3-BF4B-00C04F79EFBC}") = "ProgramClient", "ProgramClient.csproj", "{B6283476-A55E-444F-800A-D6178F8C91B8}"
EndProject
Global
	GlobalSection(SolutionConfigurationPlatforms) = preSolution
		Debug|Any CPU = Debug|Any CPU
		Release|Any CPU = Release|Any CPU
	EndGlobalSection
	GlobalSection(ProjectConfigurationPlatforms) = postSolution
		{B6283476-A55E-444F-800A-D6178F8C91B8}.Debug|Any CPU.ActiveCfg = Debug|Any CPU
		{B6283476-A55E-444F-800A-D6178F8C91B8}.Debug|Any CPU.Build.0 = Debug|Any CPU
		{B6283476-A55E-444F-800A-D6178F8C91B8}.Release|Any CPU.ActiveCfg = Release|Any CPU
		{B6283476-A55E-444F-800A-D6178F8C91B8}.Release|Any CPU.Build.0 = Release|Any CPU
	EndGlobalSection
	GlobalSection(SolutionProperties) = preSolution
		HideSolutionNode = FALSE
	EndGlobalSection
	GlobalSection(ExtensibilityGlobals) = postSolution
		SolutionGuid = {105C4A93-DB4E-4661-9FF4-3A4073600223}
	EndGlobalSection
EndGlobal
